
Microsoft Visual Studio Solution File, Format Version 12.00
# Visual Studio Version 16
VisualStudioVersion = 16.0.30804.86
MinimumVisualStudioVersion = 10.0.40219.1
Project("{9A19103F-16F7-4668-BE54-9A1E7A4F7556}") = "MealOrdering.Server", "MealOrdering\Server\MealOrdering.Server.csproj", "{F3F5C510-94EB-4FF4-B7C7-4E0009C5ED23}"
EndProject
Project("{9A19103F-16F7-4668-BE54-9A1E7A4F7556}") = "MealOrdering.Client", "MealOrdering\Client\MealOrdering.Client.csproj", "{59B2C0EC-85C1-4599-BB95-3C2A4BB8017A}"
EndProject
Project("{9A19103F-16F7-4668-BE54-9A1E7A4F7556}") = "MealOrdering.Shared", "MealOrdering\Shared\MealOrdering.Shared.csproj", "{F7D15C23-155A-42E6-A9A1-04A1FB46DBF3}"
EndProject
Project("{9A19103F-16F7-4668-BE54-9A1E7A4F7556}") = "MealOrdering.Server.Data", "MealOrdering.Server.Data\MealOrdering.Server.Data.csproj", "{8B478C82-72FA-407B-8879-366D62A7027E}"
EndProject
Global
	GlobalSection(SolutionConfigurationPlatforms) = preSolution
		Debug|Any CPU = Debug|Any CPU
		Release|Any CPU = Release|Any CPU
	EndGlobalSection
	GlobalSection(ProjectConfigurationPlatforms) = postSolution
		{F3F5C510-94EB-4FF4-B7C7-4E0009C5ED23}.Debug|Any CPU.ActiveCfg = Debug|Any CPU
		{F3F5C510-94EB-4FF4-B7C7-4E0009C5ED23}.Debug|Any CPU.Build.0 = Debug|Any CPU
		{F3F5C510-94EB-4FF4-B7C7-4E0009C5ED23}.Release|Any CPU.ActiveCfg = Release|Any CPU
		{F3F5C510-94EB-4FF4-B7C7-4E0009C5ED23}.Release|Any CPU.Build.0 = Release|Any CPU
		{59B2C0EC-85C1-4599-BB95-3C2A4BB8017A}.Debug|Any CPU.ActiveCfg = Debug|Any CPU
		{59B2C0EC-85C1-4599-BB95-3C2A4BB8017A}.Debug|Any CPU.Build.0 = Debug|Any CPU
		{59B2C0EC-85C1-4599-BB95-3C2A4BB8017A}.Release|Any CPU.ActiveCfg = Release|Any CPU
		{59B2C0EC-85C1-4599-BB95-3C2A4BB8017A}.Release|Any CPU.Build.0 = Release|Any CPU
		{F7D15C23-155A-42E6-A9A1-04A1FB46DBF3}.Debug|Any CPU.ActiveCfg = Debug|Any CPU
		{F7D15C23-155A-42E6-A9A1-04A1FB46DBF3}.Debug|Any CPU.Build.0 = Debug|Any CPU
		{F7D15C23-155A-42E6-A9A1-04A1FB46DBF3}.Release|Any CPU.ActiveCfg = Release|Any CPU
		{F7D15C23-155A-42E6-A9A1-04A1FB46DBF3}.Release|Any CPU.Build.0 = Release|Any CPU
		{8B478C82-72FA-407B-8879-366D62A7027E}.Debug|Any CPU.ActiveCfg = Debug|Any CPU
		{8B478C82-72FA-407B-8879-366D62A7027E}.Debug|Any CPU.Build.0 = Debug|Any CPU
		{8B478C82-72FA-407B-8879-366D62A7027E}.Release|Any CPU.ActiveCfg = Release|Any CPU
		{8B478C82-72FA-407B-8879-366D62A7027E}.Release|Any CPU.Build.0 = Release|Any CPU
	EndGlobalSection
	GlobalSection(SolutionProperties) = preSolution
		HideSolutionNode = FALSE
	EndGlobalSection
	GlobalSection(ExtensibilityGlobals) = postSolution
		SolutionGuid = {60CAAF4C-2672-4126-9231-8F804A520CC0}
	EndGlobalSection
EndGlobal
